// !$*UTF8*$!
{
	archiveVersion = 1;
	classes = {
	};
	objectVersion = 77;
	objects = {

/* Begin PBXBuildFile section */
		0301958790324CC4F0427E3F /* ProfilView.swift in Sources */ = {isa = PBXBuildFile; fileRef = 701BB30E177402C310C6B51C /* ProfilView.swift */; };
		030A7DD55F9553A369D2C6EB /* EtatApp.swift in Sources */ = {isa = PBXBuildFile; fileRef = 51B21A23E9E47516765D2FE0 /* EtatApp.swift */; };
		07DCF7A5BF7DE657CD13FAE2 /* VuesWidgets.swift in Sources */ = {isa = PBXBuildFile; fileRef = 12C540EB67C8BD5BA63EA997 /* VuesWidgets.swift */; };
		07DE75AEB94EC0ECF1D894BB /* PersonneView.swift in Sources */ = {isa = PBXBuildFile; fileRef = 3E8607047668E8E7A1C0B521 /* PersonneView.swift */; };
		08E424B8B03AEEABE89D953B /* BarreLaterale.swift in Sources */ = {isa = PBXBuildFile; fileRef = 296C605DA0D2EB94945E9572 /* BarreLaterale.swift */; };
		0AB023B9C5D319279B4BD7C1 /* ActionsRapides.swift in Sources */ = {isa = PBXBuildFile; fileRef = 7FFB9E32172B78024002EFD3 /* ActionsRapides.swift */; };
		0AFCD996B554004B80322E4F /* ReglagesNASView.swift in Sources */ = {isa = PBXBuildFile; fileRef = B14FFD401FB239D2AB586936 /* ReglagesNASView.swift */; };
		100E4A05F21EC14B7F5E40F3 /* SeanceWidget.swift in Sources */ = {isa = PBXBuildFile; fileRef = 70E5C0C6A6037BEC6D806F5F /* SeanceWidget.swift */; };
		102AC84C06A1F18ABC52AF40 /* MaSoiree.swift in Sources */ = {isa = PBXBuildFile; fileRef = A33739359CBDF876AD2F1B6E /* MaSoiree.swift */; };
		18158B1DB5CD34907A7E464A /* ReglagesAlertesView.swift in Sources */ = {isa = PBXBuildFile; fileRef = C008722D573D7286070E193D /* ReglagesAlertesView.swift */; };
		186A05F54F32318DA13FEE09 /* ReglagesSauvegardeView.swift in Sources */ = {isa = PBXBuildFile; fileRef = 41CC940B3FCF5A8D527E41E2 /* ReglagesSauvegardeView.swift */; };
		1A87204CC25E301D3A307919 /* SeanceWidget.appex in Embed Foundation Extensions */ = {isa = PBXBuildFile; fileRef = 8B744A230DB10B098ACBAA1A /* SeanceWidget.appex */; settings = {ATTRIBUTES = (RemoveHeadersOnCopy, ); }; };
		1C624813E48BF003F682B704 /* SeanceNAS in Frameworks */ = {isa = PBXBuildFile; productRef = 527578283F776F88734B4303 /* SeanceNAS */; };
		20FA4ABD083DC6765765CA01 /* SeanceDonnees in Frameworks */ = {isa = PBXBuildFile; productRef = 2CAE51A8CC0DF6130D32359E /* SeanceDonnees */; };
		31EF6B7567FA50350F574204 /* LectureNAS.swift in Sources */ = {isa = PBXBuildFile; fileRef = 562FA0BC92C87B80E5980C1F /* LectureNAS.swift */; };
		38494C6BBA699EBC23E52D0A /* ClavierTests.swift in Sources */ = {isa = PBXBuildFile; fileRef = 6BF050FFB31533A9C659BB48 /* ClavierTests.swift */; };
		39CC7B582D020F02F55F50E2 /* Journal.swift in Sources */ = {isa = PBXBuildFile; fileRef = A6B582A9631F77D0CF1A0AD1 /* Journal.swift */; };
		3DC619D9658209E9AFF5A423 /* ApercuWidgets.swift in Sources */ = {isa = PBXBuildFile; fileRef = 5D9CD2AC426EAC55F2E18D92 /* ApercuWidgets.swift */; };
		3E59122E7CB372F83EDBF4EA /* PublicationWidgets.swift in Sources */ = {isa = PBXBuildFile; fileRef = 6F81823D485206B920058D9E /* PublicationWidgets.swift */; };
		44CC27564B8FE5C1912FCED7 /* ExplorerView.swift in Sources */ = {isa = PBXBuildFile; fileRef = 3279F3CE4F19B222D6A87054 /* ExplorerView.swift */; };
		4B9275D4D5E71A9F65F5DDAF /* CeSoirView.swift in Sources */ = {isa = PBXBuildFile; fileRef = B22994E3C0A8EC34BB582A70 /* CeSoirView.swift */; };
		4BB80C813A05B98CADF6F397 /* RacineView.swift in Sources */ = {isa = PBXBuildFile; fileRef = 6E0396199B1E4C5178B12F07 /* RacineView.swift */; };
		4D4A6E9CF41196F66D306EA3 /* MesListesView.swift in Sources */ = {isa = PBXBuildFile; fileRef = 29DE681EF5C1EAA1687286C4 /* MesListesView.swift */; };
		5201A683F4BAF8E078552DF1 /* JournalView.swift in Sources */ = {isa = PBXBuildFile; fileRef = FF2549F1AAD117B2DFF94C9B /* JournalView.swift */; };
		541D879467869F9C53C59BCB /* ConteneurApp.swift in Sources */ = {isa = PBXBuildFile; fileRef = B45A4AC641661F7B7945EAF9 /* ConteneurApp.swift */; };
		54F323CA789B8DA3749B81CB /* FicheDefilementTests.swift in Sources */ = {isa = PBXBuildFile; fileRef = 8C27D46355FD45FE0B6BCD9F /* FicheDefilementTests.swift */; };
		58E3413AD4CBC28D1ED802AB /* BandeAnnonceTests.swift in Sources */ = {isa = PBXBuildFile; fileRef = 37C7B9F1A78F1017567D37D0 /* BandeAnnonceTests.swift */; };
		591CF02849D1BB825A3BD08B /* Filtres.swift in Sources */ = {isa = PBXBuildFile; fileRef = FBCCC2C7EB557DC82B0A231D /* Filtres.swift */; };
		5A5CCACF177BB9999D6A1FA1 /* EpisodesSerie.swift in Sources */ = {isa = PBXBuildFile; fileRef = 0FF991D92C556A3C1303E019 /* EpisodesSerie.swift */; };
		66EC72C9104BABDB4099B867 /* Volumetrie.swift in Sources */ = {isa = PBXBuildFile; fileRef = EB6B5B72BF540F4FCF396BEB /* Volumetrie.swift */; };
		6B1CEF917A706C02E011736E /* ListesCompletes.swift in Sources */ = {isa = PBXBuildFile; fileRef = CACE819FB69880D873526A37 /* ListesCompletes.swift */; };
		6BE0CB4312106BAE4DF24DB3 /* Raccourcis.swift in Sources */ = {isa = PBXBuildFile; fileRef = 32E76981CE172025F2148C2A /* Raccourcis.swift */; };
		71ABDE907BD2AEE6ABA4AA3C /* NoteTitre.swift in Sources */ = {isa = PBXBuildFile; fileRef = 6AD887A9AD6D4723A7D0854A /* NoteTitre.swift */; };
		7C4DB19315E00E769A3D690A /* EtatNAS.swift in Sources */ = {isa = PBXBuildFile; fileRef = CD94F6BCC152B1B30DE2DF48 /* EtatNAS.swift */; };
		889E1057E692259368F006C8 /* FeuilleFiltres.swift in Sources */ = {isa = PBXBuildFile; fileRef = 5D0200041452BB3D285609DE /* FeuilleFiltres.swift */; };
		9465DF498AFBE22D12E9EC5E /* FicheView.swift in Sources */ = {isa = PBXBuildFile; fileRef = 003B43F4A3CFECED924F22EE /* FicheView.swift */; };
		9B9D518CBB779E2321545F3B /* Theme.swift in Sources */ = {isa = PBXBuildFile; fileRef = B6507C62249A2769DB1E60E0 /* Theme.swift */; };
		9D65549B7C3237C021D34BED /* CocherEpisodeIntent.swift in Sources */ = {isa = PBXBuildFile; fileRef = 4F6CA7E0DFEDE70FAE64BAE2 /* CocherEpisodeIntent.swift */; };
		A052334119F82E47D0C04940 /* BienvenueView.swift in Sources */ = {isa = PBXBuildFile; fileRef = A651E64C91DB8A9F75E0C3FD /* BienvenueView.swift */; };
		A2EBCE47BF0A1E849E8CF303 /* LecteurWidgets.swift in Sources */ = {isa = PBXBuildFile; fileRef = C53B59D1B4297910EB9B20FA /* LecteurWidgets.swift */; };
		A9D5AB82F1CA559285C218B3 /* VuesWidgets.swift in Sources */ = {isa = PBXBuildFile; fileRef = 12C540EB67C8BD5BA63EA997 /* VuesWidgets.swift */; };
		AAA30D3585243499220B7576 /* BilanAnneeView.swift in Sources */ = {isa = PBXBuildFile; fileRef = 35CC3B4EFAE0BC57A7EC7605 /* BilanAnneeView.swift */; };
		ABDB1F1CF56254EA3517C885 /* NASView.swift in Sources */ = {isa = PBXBuildFile; fileRef = E818541C3B3B900062945DAE /* NASView.swift */; };
		AE3C6E517C3A52185389FEB3 /* Demonstration.swift in Sources */ = {isa = PBXBuildFile; fileRef = 59D423F4DD1DA03825519F89 /* Demonstration.swift */; };
		AEAEBBD9AA98946DA5FA2395 /* LienProfond.swift in Sources */ = {isa = PBXBuildFile; fileRef = 0661326CD01844A8F4B22D2B /* LienProfond.swift */; };
		B08392C09028C8727D4A1528 /* SeanceDonnees in Frameworks */ = {isa = PBXBuildFile; productRef = B06363A2E4E4EF15369DC1D3 /* SeanceDonnees */; };
		B30EFD10E04CCB9D9165DCB1 /* Assets.xcassets in Resources */ = {isa = PBXBuildFile; fileRef = 4D588BEC051F01FAD8E8B8CB /* Assets.xcassets */; };
		B45CC8D1AEDA64C277298D8A /* EtatAlertes.swift in Sources */ = {isa = PBXBuildFile; fileRef = 297F7F074F246563F3CA483B /* EtatAlertes.swift */; };
		B771B1D712E377A57538D7D8 /* AccueilView.swift in Sources */ = {isa = PBXBuildFile; fileRef = 5B281D3C94AFCE24D5CACD8E /* AccueilView.swift */; };
		B8A8D629CB5D53A0C47BFA2E /* Versions.swift in Sources */ = {isa = PBXBuildFile; fileRef = 832BDD6EB7D6F3C924990D39 /* Versions.swift */; };
		C2DC72385E62E22BC17B8F7B /* ExplorerModele.swift in Sources */ = {isa = PBXBuildFile; fileRef = 50E6C3ED562D0B27CFEF522C /* ExplorerModele.swift */; };
		C660FE50BC091499DE585220 /* ExplorerTests.swift in Sources */ = {isa = PBXBuildFile; fileRef = 3FAD0B3B3AE70CDCB3242DF4 /* ExplorerTests.swift */; };
		CC898EF9BC0F2AB4B3062CF4 /* SeanceApp.swift in Sources */ = {isa = PBXBuildFile; fileRef = C4994130740FE5C4E9733D92 /* SeanceApp.swift */; };
		D3692AACDB2EE1BC63A706F2 /* ReglagesView.swift in Sources */ = {isa = PBXBuildFile; fileRef = ABA6924ED64F1E1D2244C779 /* ReglagesView.swift */; };
		D4F4F44E2C6AB85B53D771C2 /* CocherEpisodeIntent.swift in Sources */ = {isa = PBXBuildFile; fileRef = 4F6CA7E0DFEDE70FAE64BAE2 /* CocherEpisodeIntent.swift */; };
		D7839D09AE2AB89616944451 /* SeanceKit in Frameworks */ = {isa = PBXBuildFile; productRef = 7ADAE3C1D67EB1A73644A89C /* SeanceKit */; };
		DD832CF1C927F9D08CAC9673 /* StatistiquesView.swift in Sources */ = {isa = PBXBuildFile; fileRef = 33C7D56023BA6C0CBD491C53 /* StatistiquesView.swift */; };
		E06D9F7368B925304DF0C126 /* SeanceKit in Frameworks */ = {isa = PBXBuildFile; productRef = E520CB05B59E14412C053661 /* SeanceKit */; };
		E88382E40DBA182DAA361F71 /* BandesAnnonces.swift in Sources */ = {isa = PBXBuildFile; fileRef = CA91FBA795C5F100C03F8CC6 /* BandesAnnonces.swift */; };
		EB5C447131F05A6754775E34 /* VisiteTests.swift in Sources */ = {isa = PBXBuildFile; fileRef = 3719B49FCFBACBABA76DF8AD /* VisiteTests.swift */; };
		F783EE50ED242E87C26070E9 /* ModelesWidgets.swift in Sources */ = {isa = PBXBuildFile; fileRef = ED0B44CF550A1F10AF3049BA /* ModelesWidgets.swift */; };
		FE7576C913266B279565E431 /* Composants.swift in Sources */ = {isa = PBXBuildFile; fileRef = D1E76531BEB952957EAAEE65 /* Composants.swift */; };
		FEE6A8F2F23E1E3C87548D00 /* ModelesWidgets.swift in Sources */ = {isa = PBXBuildFile; fileRef = ED0B44CF550A1F10AF3049BA /* ModelesWidgets.swift */; };
		FFCD2E7F759C8F02A5857C49 /* IdeesCeSoir.swift in Sources */ = {isa = PBXBuildFile; fileRef = 0F0A5CECA4CE808ED4DF352C /* IdeesCeSoir.swift */; };
/* End PBXBuildFile section */

/* Begin PBXContainerItemProxy section */
		59C204F7C22E594887EB641F /* PBXContainerItemProxy */ = {
			isa = PBXContainerItemProxy;
			containerPortal = E2B1786E7B6738225D6A3413 /* Project object */;
			proxyType = 1;
			remoteGlobalIDString = AF4076291E91C6677C297EBF;
			remoteInfo = Seance;
		};
		7E84B43D395BEFCE8225C712 /* PBXContainerItemProxy */ = {
			isa = PBXContainerItemProxy;
			containerPortal = E2B1786E7B6738225D6A3413 /* Project object */;
			proxyType = 1;
			remoteGlobalIDString = 9AEF434A525906697AF13159;
			remoteInfo = SeanceWidget;
		};
/* End PBXContainerItemProxy section */

/* Begin PBXCopyFilesBuildPhase section */
		B98A900306A721FC69A31658 /* Embed Foundation Extensions */ = {
			isa = PBXCopyFilesBuildPhase;
			buildActionMask = 2147483647;
			dstPath = "";
			dstSubfolderSpec = 13;
			files = (
				1A87204CC25E301D3A307919 /* SeanceWidget.appex in Embed Foundation Extensions */,
			);
			name = "Embed Foundation Extensions";
			runOnlyForDeploymentPostprocessing = 0;
		};
/* End PBXCopyFilesBuildPhase section */

/* Begin PBXFileReference section */
		003B43F4A3CFECED924F22EE /* FicheView.swift */ = {isa = PBXFileReference; lastKnownFileType = sourcecode.swift; path = FicheView.swift; sourceTree = "<group>"; };
		0638E7609742B2A07A76BE89 /* Seance.entitlements */ = {isa = PBXFileReference; lastKnownFileType = text.plist.entitlements; path = Seance.entitlements; sourceTree = "<group>"; };
		0661326CD01844A8F4B22D2B /* LienProfond.swift */ = {isa = PBXFileReference; lastKnownFileType = sourcecode.swift; path = LienProfond.swift; sourceTree = "<group>"; };
		0F0A5CECA4CE808ED4DF352C /* IdeesCeSoir.swift */ = {isa = PBXFileReference; lastKnownFileType = sourcecode.swift; path = IdeesCeSoir.swift; sourceTree = "<group>"; };
		0FF991D92C556A3C1303E019 /* EpisodesSerie.swift */ = {isa = PBXFileReference; lastKnownFileType = sourcecode.swift; path = EpisodesSerie.swift; sourceTree = "<group>"; };
		12C540EB67C8BD5BA63EA997 /* VuesWidgets.swift */ = {isa = PBXFileReference; lastKnownFileType = sourcecode.swift; path = VuesWidgets.swift; sourceTree = "<group>"; };
		1A183D5A1A3FBB515C991256 /* Info.plist */ = {isa = PBXFileReference; lastKnownFileType = text.plist; path = Info.plist; sourceTree = "<group>"; };
		296C605DA0D2EB94945E9572 /* BarreLaterale.swift */ = {isa = PBXFileReference; lastKnownFileType = sourcecode.swift; path = BarreLaterale.swift; sourceTree = "<group>"; };
		297F7F074F246563F3CA483B /* EtatAlertes.swift */ = {isa = PBXFileReference; lastKnownFileType = sourcecode.swift; path = EtatAlertes.swift; sourceTree = "<group>"; };
		29DE681EF5C1EAA1687286C4 /* MesListesView.swift */ = {isa = PBXFileReference; lastKnownFileType = sourcecode.swift; path = MesListesView.swift; sourceTree = "<group>"; };
		3279F3CE4F19B222D6A87054 /* ExplorerView.swift */ = {isa = PBXFileReference; lastKnownFileType = sourcecode.swift; path = ExplorerView.swift; sourceTree = "<group>"; };
		32E76981CE172025F2148C2A /* Raccourcis.swift */ = {isa = PBXFileReference; lastKnownFileType = sourcecode.swift; path = Raccourcis.swift; sourceTree = "<group>"; };
		33C7D56023BA6C0CBD491C53 /* StatistiquesView.swift */ = {isa = PBXFileReference; lastKnownFileType = sourcecode.swift; path = StatistiquesView.swift; sourceTree = "<group>"; };
		35CC3B4EFAE0BC57A7EC7605 /* BilanAnneeView.swift */ = {isa = PBXFileReference; lastKnownFileType = sourcecode.swift; path = BilanAnneeView.swift; sourceTree = "<group>"; };
		3719B49FCFBACBABA76DF8AD /* VisiteTests.swift */ = {isa = PBXFileReference; lastKnownFileType = sourcecode.swift; path = VisiteTests.swift; sourceTree = "<group>"; };
		37C7B9F1A78F1017567D37D0 /* BandeAnnonceTests.swift */ = {isa = PBXFileReference; lastKnownFileType = sourcecode.swift; path = BandeAnnonceTests.swift; sourceTree = "<group>"; };
		3E8607047668E8E7A1C0B521 /* PersonneView.swift */ = {isa = PBXFileReference; lastKnownFileType = sourcecode.swift; path = PersonneView.swift; sourceTree = "<group>"; };
		3FAD0B3B3AE70CDCB3242DF4 /* ExplorerTests.swift */ = {isa = PBXFileReference; lastKnownFileType = sourcecode.swift; path = ExplorerTests.swift; sourceTree = "<group>"; };
		41CC940B3FCF5A8D527E41E2 /* ReglagesSauvegardeView.swift */ = {isa = PBXFileReference; lastKnownFileType = sourcecode.swift; path = ReglagesSauvegardeView.swift; sourceTree = "<group>"; };
		480DDBB4427776452973C0F2 /* Seance.app */ = {isa = PBXFileReference; includeInIndex = 0; lastKnownFileType = wrapper.application; path = Seance.app; sourceTree = BUILT_PRODUCTS_DIR; };
		4D588BEC051F01FAD8E8B8CB /* Assets.xcassets */ = {isa = PBXFileReference; lastKnownFileType = folder.assetcatalog; path = Assets.xcassets; sourceTree = "<group>"; };
		4F6CA7E0DFEDE70FAE64BAE2 /* CocherEpisodeIntent.swift */ = {isa = PBXFileReference; lastKnownFileType = sourcecode.swift; path = CocherEpisodeIntent.swift; sourceTree = "<group>"; };
		50E6C3ED562D0B27CFEF522C /* ExplorerModele.swift */ = {isa = PBXFileReference; lastKnownFileType = sourcecode.swift; path = ExplorerModele.swift; sourceTree = "<group>"; };
		51B21A23E9E47516765D2FE0 /* EtatApp.swift */ = {isa = PBXFileReference; lastKnownFileType = sourcecode.swift; path = EtatApp.swift; sourceTree = "<group>"; };
		562FA0BC92C87B80E5980C1F /* LectureNAS.swift */ = {isa = PBXFileReference; lastKnownFileType = sourcecode.swift; path = LectureNAS.swift; sourceTree = "<group>"; };
		58EBC481C41A43E2C270B750 /* Info.plist */ = {isa = PBXFileReference; lastKnownFileType = text.plist; path = Info.plist; sourceTree = "<group>"; };
		59D423F4DD1DA03825519F89 /* Demonstration.swift */ = {isa = PBXFileReference; lastKnownFileType = sourcecode.swift; path = Demonstration.swift; sourceTree = "<group>"; };
		5B281D3C94AFCE24D5CACD8E /* AccueilView.swift */ = {isa = PBXFileReference; lastKnownFileType = sourcecode.swift; path = AccueilView.swift; sourceTree = "<group>"; };
		5D0200041452BB3D285609DE /* FeuilleFiltres.swift */ = {isa = PBXFileReference; lastKnownFileType = sourcecode.swift; path = FeuilleFiltres.swift; sourceTree = "<group>"; };
		5D9CD2AC426EAC55F2E18D92 /* ApercuWidgets.swift */ = {isa = PBXFileReference; lastKnownFileType = sourcecode.swift; path = ApercuWidgets.swift; sourceTree = "<group>"; };
		60978F177ABB702A3642036A /* SeanceWidget.entitlements */ = {isa = PBXFileReference; lastKnownFileType = text.plist.entitlements; path = SeanceWidget.entitlements; sourceTree = "<group>"; };
		6AD887A9AD6D4723A7D0854A /* NoteTitre.swift */ = {isa = PBXFileReference; lastKnownFileType = sourcecode.swift; path = NoteTitre.swift; sourceTree = "<group>"; };
		6BF050FFB31533A9C659BB48 /* ClavierTests.swift */ = {isa = PBXFileReference; lastKnownFileType = sourcecode.swift; path = ClavierTests.swift; sourceTree = "<group>"; };
		6E0396199B1E4C5178B12F07 /* RacineView.swift */ = {isa = PBXFileReference; lastKnownFileType = sourcecode.swift; path = RacineView.swift; sourceTree = "<group>"; };
		6F81823D485206B920058D9E /* PublicationWidgets.swift */ = {isa = PBXFileReference; lastKnownFileType = sourcecode.swift; path = PublicationWidgets.swift; sourceTree = "<group>"; };
		701BB30E177402C310C6B51C /* ProfilView.swift */ = {isa = PBXFileReference; lastKnownFileType = sourcecode.swift; path = ProfilView.swift; sourceTree = "<group>"; };
		70E5C0C6A6037BEC6D806F5F /* SeanceWidget.swift */ = {isa = PBXFileReference; lastKnownFileType = sourcecode.swift; path = SeanceWidget.swift; sourceTree = "<group>"; };
		7788E5AF973E89FC76F574C6 /* SeanceUITests.xctest */ = {isa = PBXFileReference; includeInIndex = 0; lastKnownFileType = wrapper.cfbundle; path = SeanceUITests.xctest; sourceTree = BUILT_PRODUCTS_DIR; };
		7FFB9E32172B78024002EFD3 /* ActionsRapides.swift */ = {isa = PBXFileReference; lastKnownFileType = sourcecode.swift; path = ActionsRapides.swift; sourceTree = "<group>"; };
		832BDD6EB7D6F3C924990D39 /* Versions.swift */ = {isa = PBXFileReference; lastKnownFileType = sourcecode.swift; path = Versions.swift; sourceTree = "<group>"; };
		8B744A230DB10B098ACBAA1A /* SeanceWidget.appex */ = {isa = PBXFileReference; includeInIndex = 0; lastKnownFileType = "wrapper.app-extension"; path = SeanceWidget.appex; sourceTree = BUILT_PRODUCTS_DIR; };
		8C27D46355FD45FE0B6BCD9F /* FicheDefilementTests.swift */ = {isa = PBXFileReference; lastKnownFileType = sourcecode.swift; path = FicheDefilementTests.swift; sourceTree = "<group>"; };
		A33739359CBDF876AD2F1B6E /* MaSoiree.swift */ = {isa = PBXFileReference; lastKnownFileType = sourcecode.swift; path = MaSoiree.swift; sourceTree = "<group>"; };
		A651E64C91DB8A9F75E0C3FD /* BienvenueView.swift */ = {isa = PBXFileReference; lastKnownFileType = sourcecode.swift; path = BienvenueView.swift; sourceTree = "<group>"; };
		A6B582A9631F77D0CF1A0AD1 /* Journal.swift */ = {isa = PBXFileReference; lastKnownFileType = sourcecode.swift; path = Journal.swift; sourceTree = "<group>"; };
		ABA6924ED64F1E1D2244C779 /* ReglagesView.swift */ = {isa = PBXFileReference; lastKnownFileType = sourcecode.swift; path = ReglagesView.swift; sourceTree = "<group>"; };
		B14FFD401FB239D2AB586936 /* ReglagesNASView.swift */ = {isa = PBXFileReference; lastKnownFileType = sourcecode.swift; path = ReglagesNASView.swift; sourceTree = "<group>"; };
		B22994E3C0A8EC34BB582A70 /* CeSoirView.swift */ = {isa = PBXFileReference; lastKnownFileType = sourcecode.swift; path = CeSoirView.swift; sourceTree = "<group>"; };
		B45A4AC641661F7B7945EAF9 /* ConteneurApp.swift */ = {isa = PBXFileReference; lastKnownFileType = sourcecode.swift; path = ConteneurApp.swift; sourceTree = "<group>"; };
		B6507C62249A2769DB1E60E0 /* Theme.swift */ = {isa = PBXFileReference; lastKnownFileType = sourcecode.swift; path = Theme.swift; sourceTree = "<group>"; };
		BC2A60787D57F81817526B34 /* SeanceKit */ = {isa = PBXFileReference; lastKnownFileType = folder; name = SeanceKit; path = SeanceKit; sourceTree = SOURCE_ROOT; };
		C008722D573D7286070E193D /* ReglagesAlertesView.swift */ = {isa = PBXFileReference; lastKnownFileType = sourcecode.swift; path = ReglagesAlertesView.swift; sourceTree = "<group>"; };
		C4994130740FE5C4E9733D92 /* SeanceApp.swift */ = {isa = PBXFileReference; lastKnownFileType = sourcecode.swift; path = SeanceApp.swift; sourceTree = "<group>"; };
		C53B59D1B4297910EB9B20FA /* LecteurWidgets.swift */ = {isa = PBXFileReference; lastKnownFileType = sourcecode.swift; path = LecteurWidgets.swift; sourceTree = "<group>"; };
		C7971FD6500EC30161EA83E4 /* SeanceNAS */ = {isa = PBXFileReference; lastKnownFileType = folder; name = SeanceNAS; path = SeanceNAS; sourceTree = SOURCE_ROOT; };
		CA91FBA795C5F100C03F8CC6 /* BandesAnnonces.swift */ = {isa = PBXFileReference; lastKnownFileType = sourcecode.swift; path = BandesAnnonces.swift; sourceTree = "<group>"; };
		CACE819FB69880D873526A37 /* ListesCompletes.swift */ = {isa = PBXFileReference; lastKnownFileType = sourcecode.swift; path = ListesCompletes.swift; sourceTree = "<group>"; };
		CD94F6BCC152B1B30DE2DF48 /* EtatNAS.swift */ = {isa = PBXFileReference; lastKnownFileType = sourcecode.swift; path = EtatNAS.swift; sourceTree = "<group>"; };
		D1E76531BEB952957EAAEE65 /* Composants.swift */ = {isa = PBXFileReference; lastKnownFileType = sourcecode.swift; path = Composants.swift; sourceTree = "<group>"; };
		E818541C3B3B900062945DAE /* NASView.swift */ = {isa = PBXFileReference; lastKnownFileType = sourcecode.swift; path = NASView.swift; sourceTree = "<group>"; };
		EB6B5B72BF540F4FCF396BEB /* Volumetrie.swift */ = {isa = PBXFileReference; lastKnownFileType = sourcecode.swift; path = Volumetrie.swift; sourceTree = "<group>"; };
		ED0B44CF550A1F10AF3049BA /* ModelesWidgets.swift */ = {isa = PBXFileReference; lastKnownFileType = sourcecode.swift; path = ModelesWidgets.swift; sourceTree = "<group>"; };
		F0A4A82FFA70A3E2F3E24C6B /* SeanceDonnees */ = {isa = PBXFileReference; lastKnownFileType = folder; name = SeanceDonnees; path = SeanceDonnees; sourceTree = SOURCE_ROOT; };
		FBCCC2C7EB557DC82B0A231D /* Filtres.swift */ = {isa = PBXFileReference; lastKnownFileType = sourcecode.swift; path = Filtres.swift; sourceTree = "<group>"; };
		FF2549F1AAD117B2DFF94C9B /* JournalView.swift */ = {isa = PBXFileReference; lastKnownFileType = sourcecode.swift; path = JournalView.swift; sourceTree = "<group>"; };
/* End PBXFileReference section */

/* Begin PBXFrameworksBuildPhase section */
		0A07BAE66B35A3E32452CAFE /* Frameworks */ = {
			isa = PBXFrameworksBuildPhase;
			buildActionMask = 2147483647;
			files = (
				E06D9F7368B925304DF0C126 /* SeanceKit in Frameworks */,
				B08392C09028C8727D4A1528 /* SeanceDonnees in Frameworks */,
				1C624813E48BF003F682B704 /* SeanceNAS in Frameworks */,
			);
			runOnlyForDeploymentPostprocessing = 0;
		};
		5D89082D6A5162B50C81F82D /* Frameworks */ = {
			isa = PBXFrameworksBuildPhase;
			buildActionMask = 2147483647;
			files = (
				D7839D09AE2AB89616944451 /* SeanceKit in Frameworks */,
				20FA4ABD083DC6765765CA01 /* SeanceDonnees in Frameworks */,
			);
			runOnlyForDeploymentPostprocessing = 0;
		};
/* End PBXFrameworksBuildPhase section */

/* Begin PBXGroup section */
		0B4ADF6654F9470B84E1FC40 /* Products */ = {
			isa = PBXGroup;
			children = (
				480DDBB4427776452973C0F2 /* Seance.app */,
				7788E5AF973E89FC76F574C6 /* SeanceUITests.xctest */,
				8B744A230DB10B098ACBAA1A /* SeanceWidget.appex */,
			);
			name = Products;
			sourceTree = "<group>";
		};
		0F91D7AB3A59034B12EC3991 = {
			isa = PBXGroup;
			children = (
				E27CE31059C40D615F788DC1 /* Packages */,
				89ADAFCFBC281A62D27267AD /* Seance */,
				92F183107815F6F546815EEA /* SeanceUITests */,
				321C31EFF855BABEA117ABDC /* SeanceWidget */,
				0B4ADF6654F9470B84E1FC40 /* Products */,
			);
			sourceTree = "<group>";
		};
		11842A37CB6CC1E9FB06C384 /* Fiche */ = {
			isa = PBXGroup;
			children = (
				CA91FBA795C5F100C03F8CC6 /* BandesAnnonces.swift */,
				0FF991D92C556A3C1303E019 /* EpisodesSerie.swift */,
				003B43F4A3CFECED924F22EE /* FicheView.swift */,
				6AD887A9AD6D4723A7D0854A /* NoteTitre.swift */,
			);
			path = Fiche;
			sourceTree = "<group>";
		};
		1BF3F48A42F266AB39056386 /* Etat */ = {
			isa = PBXGroup;
			children = (
				7FFB9E32172B78024002EFD3 /* ActionsRapides.swift */,
				B45A4AC641661F7B7945EAF9 /* ConteneurApp.swift */,
				59D423F4DD1DA03825519F89 /* Demonstration.swift */,
				297F7F074F246563F3CA483B /* EtatAlertes.swift */,
				51B21A23E9E47516765D2FE0 /* EtatApp.swift */,
				CD94F6BCC152B1B30DE2DF48 /* EtatNAS.swift */,
				A6B582A9631F77D0CF1A0AD1 /* Journal.swift */,
				0661326CD01844A8F4B22D2B /* LienProfond.swift */,
				6F81823D485206B920058D9E /* PublicationWidgets.swift */,
				32E76981CE172025F2148C2A /* Raccourcis.swift */,
				EB6B5B72BF540F4FCF396BEB /* Volumetrie.swift */,
			);
			path = Etat;
			sourceTree = "<group>";
		};
		321C31EFF855BABEA117ABDC /* SeanceWidget */ = {
			isa = PBXGroup;
			children = (
				58EBC481C41A43E2C270B750 /* Info.plist */,
				C53B59D1B4297910EB9B20FA /* LecteurWidgets.swift */,
				60978F177ABB702A3642036A /* SeanceWidget.entitlements */,
				70E5C0C6A6037BEC6D806F5F /* SeanceWidget.swift */,
				964588A03642740889EE95EE /* Partage */,
			);
			path = SeanceWidget;
			sourceTree = "<group>";
		};
		3354B406ECCE18E0FF7FF4C9 /* Statistiques */ = {
			isa = PBXGroup;
			children = (
				35CC3B4EFAE0BC57A7EC7605 /* BilanAnneeView.swift */,
				33C7D56023BA6C0CBD491C53 /* StatistiquesView.swift */,
			);
			path = Statistiques;
			sourceTree = "<group>";
		};
		3E8CCCB14E6EF33B29FB9242 /* Reglages */ = {
			isa = PBXGroup;
			children = (
				5D9CD2AC426EAC55F2E18D92 /* ApercuWidgets.swift */,
				FF2549F1AAD117B2DFF94C9B /* JournalView.swift */,
				C008722D573D7286070E193D /* ReglagesAlertesView.swift */,
				41CC940B3FCF5A8D527E41E2 /* ReglagesSauvegardeView.swift */,
				ABA6924ED64F1E1D2244C779 /* ReglagesView.swift */,
				832BDD6EB7D6F3C924990D39 /* Versions.swift */,
			);
			path = Reglages;
			sourceTree = "<group>";
		};
		4B3FBA5271724E6BD058C8BB /* Bienvenue */ = {
			isa = PBXGroup;
			children = (
				A651E64C91DB8A9F75E0C3FD /* BienvenueView.swift */,
			);
			path = Bienvenue;
			sourceTree = "<group>";
		};
		4EE375953E179A32E8C952AF /* Explorer */ = {
			isa = PBXGroup;
			children = (
				50E6C3ED562D0B27CFEF522C /* ExplorerModele.swift */,
				3279F3CE4F19B222D6A87054 /* ExplorerView.swift */,
				5D0200041452BB3D285609DE /* FeuilleFiltres.swift */,
			);
			path = Explorer;
			sourceTree = "<group>";
		};
		5A85DB1D41B6EB90FB6A7935 /* CeSoir */ = {
			isa = PBXGroup;
			children = (
				B22994E3C0A8EC34BB582A70 /* CeSoirView.swift */,
				0F0A5CECA4CE808ED4DF352C /* IdeesCeSoir.swift */,
				A33739359CBDF876AD2F1B6E /* MaSoiree.swift */,
			);
			path = CeSoir;
			sourceTree = "<group>";
		};
		6B0B0AC2453EF94443C6AC03 /* Ecrans */ = {
			isa = PBXGroup;
			children = (
				926B0151DC70F172CA46C393 /* Accueil */,
				4B3FBA5271724E6BD058C8BB /* Bienvenue */,
				5A85DB1D41B6EB90FB6A7935 /* CeSoir */,
				4EE375953E179A32E8C952AF /* Explorer */,
				11842A37CB6CC1E9FB06C384 /* Fiche */,
				885C49167BD7924620D60FEF /* MesListes */,
				AF219F7004E2A7292D15FC02 /* NAS */,
				F28A6AE81AE5504FEEB60C17 /* Personne */,
				88A9BAFEC0B33A53512B6637 /* Profil */,
				3E8CCCB14E6EF33B29FB9242 /* Reglages */,
				3354B406ECCE18E0FF7FF4C9 /* Statistiques */,
			);
			path = Ecrans;
			sourceTree = "<group>";
		};
		78C0D0D2C840975DCEA9701B /* Design */ = {
			isa = PBXGroup;
			children = (
				296C605DA0D2EB94945E9572 /* BarreLaterale.swift */,
				D1E76531BEB952957EAAEE65 /* Composants.swift */,
				FBCCC2C7EB557DC82B0A231D /* Filtres.swift */,
				B6507C62249A2769DB1E60E0 /* Theme.swift */,
			);
			path = Design;
			sourceTree = "<group>";
		};
		885C49167BD7924620D60FEF /* MesListes */ = {
			isa = PBXGroup;
			children = (
				29DE681EF5C1EAA1687286C4 /* MesListesView.swift */,
			);
			path = MesListes;
			sourceTree = "<group>";
		};
		88A9BAFEC0B33A53512B6637 /* Profil */ = {
			isa = PBXGroup;
			children = (
				701BB30E177402C310C6B51C /* ProfilView.swift */,
			);
			path = Profil;
			sourceTree = "<group>";
		};
		89ADAFCFBC281A62D27267AD /* Seance */ = {
			isa = PBXGroup;
			children = (
				4D588BEC051F01FAD8E8B8CB /* Assets.xcassets */,
				1A183D5A1A3FBB515C991256 /* Info.plist */,
				6E0396199B1E4C5178B12F07 /* RacineView.swift */,
				0638E7609742B2A07A76BE89 /* Seance.entitlements */,
				C4994130740FE5C4E9733D92 /* SeanceApp.swift */,
				78C0D0D2C840975DCEA9701B /* Design */,
				6B0B0AC2453EF94443C6AC03 /* Ecrans */,
				1BF3F48A42F266AB39056386 /* Etat */,
			);
			path = Seance;
			sourceTree = "<group>";
		};
		926B0151DC70F172CA46C393 /* Accueil */ = {
			isa = PBXGroup;
			children = (
				5B281D3C94AFCE24D5CACD8E /* AccueilView.swift */,
				CACE819FB69880D873526A37 /* ListesCompletes.swift */,
			);
			path = Accueil;
			sourceTree = "<group>";
		};
		92F183107815F6F546815EEA /* SeanceUITests */ = {
			isa = PBXGroup;
			children = (
				37C7B9F1A78F1017567D37D0 /* BandeAnnonceTests.swift */,
				6BF050FFB31533A9C659BB48 /* ClavierTests.swift */,
				3FAD0B3B3AE70CDCB3242DF4 /* ExplorerTests.swift */,
				8C27D46355FD45FE0B6BCD9F /* FicheDefilementTests.swift */,
				3719B49FCFBACBABA76DF8AD /* VisiteTests.swift */,
			);
			path = SeanceUITests;
			sourceTree = "<group>";
		};
		964588A03642740889EE95EE /* Partage */ = {
			isa = PBXGroup;
			children = (
				4F6CA7E0DFEDE70FAE64BAE2 /* CocherEpisodeIntent.swift */,
				ED0B44CF550A1F10AF3049BA /* ModelesWidgets.swift */,
				12C540EB67C8BD5BA63EA997 /* VuesWidgets.swift */,
			);
			path = Partage;
			sourceTree = "<group>";
		};
		AF219F7004E2A7292D15FC02 /* NAS */ = {
			isa = PBXGroup;
			children = (
				562FA0BC92C87B80E5980C1F /* LectureNAS.swift */,
				E818541C3B3B900062945DAE /* NASView.swift */,
				B14FFD401FB239D2AB586936 /* ReglagesNASView.swift */,
			);
			path = NAS;
			sourceTree = "<group>";
		};
		E27CE31059C40D615F788DC1 /* Packages */ = {
			isa = PBXGroup;
			children = (
				F0A4A82FFA70A3E2F3E24C6B /* SeanceDonnees */,
				BC2A60787D57F81817526B34 /* SeanceKit */,
				C7971FD6500EC30161EA83E4 /* SeanceNAS */,
			);
			name = Packages;
			sourceTree = "<group>";
		};
		F28A6AE81AE5504FEEB60C17 /* Personne */ = {
			isa = PBXGroup;
			children = (
				3E8607047668E8E7A1C0B521 /* PersonneView.swift */,
			);
			path = Personne;
			sourceTree = "<group>";
		};
/* End PBXGroup section */

/* Begin PBXNativeTarget section */
		10A4C7D16728591DB6427505 /* SeanceUITests */ = {
			isa = PBXNativeTarget;
			buildConfigurationList = 24686E81B89685CFF8A7DD8E /* Build configuration list for PBXNativeTarget "SeanceUITests" */;
			buildPhases = (
				B1EF9896318DB9F0C66180BE /* Sources */,
			);
			buildRules = (
			);
			dependencies = (
				2D7B974B34673126AD2C9159 /* PBXTargetDependency */,
			);
			name = SeanceUITests;
			packageProductDependencies = (
			);
			productName = SeanceUITests;
			productReference = 7788E5AF973E89FC76F574C6 /* SeanceUITests.xctest */;
			productType = "com.apple.product-type.bundle.ui-testing";
		};
		9AEF434A525906697AF13159 /* SeanceWidget */ = {
			isa = PBXNativeTarget;
			buildConfigurationList = 72F3A0FA68361077D3E55086 /* Build configuration list for PBXNativeTarget "SeanceWidget" */;
			buildPhases = (
				7FC7686644E38C5F8B0EAD75 /* Sources */,
				5D89082D6A5162B50C81F82D /* Frameworks */,
			);
			buildRules = (
			);
			dependencies = (
			);
			name = SeanceWidget;
			packageProductDependencies = (
				7ADAE3C1D67EB1A73644A89C /* SeanceKit */,
				2CAE51A8CC0DF6130D32359E /* SeanceDonnees */,
			);
			productName = SeanceWidget;
			productReference = 8B744A230DB10B098ACBAA1A /* SeanceWidget.appex */;
			productType = "com.apple.product-type.app-extension";
		};
		AF4076291E91C6677C297EBF /* Seance */ = {
			isa = PBXNativeTarget;
			buildConfigurationList = B2AB0FEC728EA37E99BDA9CC /* Build configuration list for PBXNativeTarget "Seance" */;
			buildPhases = (
				A64D5F9EA710DF7353847846 /* Sources */,
				984EEF2BDA1A53E7B2193004 /* Resources */,
				0A07BAE66B35A3E32452CAFE /* Frameworks */,
				B98A900306A721FC69A31658 /* Embed Foundation Extensions */,
			);
			buildRules = (
			);
			dependencies = (
				949E35C2DC2513216B0462B1 /* PBXTargetDependency */,
			);
			name = Seance;
			packageProductDependencies = (
				E520CB05B59E14412C053661 /* SeanceKit */,
				B06363A2E4E4EF15369DC1D3 /* SeanceDonnees */,
				527578283F776F88734B4303 /* SeanceNAS */,
			);
			productName = Seance;
			productReference = 480DDBB4427776452973C0F2 /* Seance.app */;
			productType = "com.apple.product-type.application";
		};
/* End PBXNativeTarget section */

/* Begin PBXProject section */
		E2B1786E7B6738225D6A3413 /* Project object */ = {
			isa = PBXProject;
			attributes = {
				BuildIndependentTargetsInParallel = YES;
				LastUpgradeCheck = 1430;
				TargetAttributes = {
					10A4C7D16728591DB6427505 = {
						DevelopmentTeam = GATK475J3P;
						ProvisioningStyle = Automatic;
						TestTargetID = AF4076291E91C6677C297EBF;
					};
					9AEF434A525906697AF13159 = {
						DevelopmentTeam = GATK475J3P;
						ProvisioningStyle = Automatic;
					};
					AF4076291E91C6677C297EBF = {
						DevelopmentTeam = GATK475J3P;
						ProvisioningStyle = Automatic;
					};
				};
			};
			buildConfigurationList = FF44D6AFEF84BA9F1AAC6040 /* Build configuration list for PBXProject "Seance" */;
			developmentRegion = fr;
			hasScannedForEncodings = 0;
			knownRegions = (
				Base,
				fr,
			);
			mainGroup = 0F91D7AB3A59034B12EC3991;
			minimizedProjectReferenceProxies = 1;
			packageReferences = (
				EC34C67350FA1C100551E2D1 /* XCLocalSwiftPackageReference "SeanceDonnees" */,
				5F68DD2AA9A4F1EE8AE0836A /* XCLocalSwiftPackageReference "SeanceKit" */,
				E11F3BE8EDA60D5538945452 /* XCLocalSwiftPackageReference "SeanceNAS" */,
			);
			preferredProjectObjectVersion = 77;
			productRefGroup = 0B4ADF6654F9470B84E1FC40 /* Products */;
			projectDirPath = "";
			projectRoot = "";
			targets = (
				AF4076291E91C6677C297EBF /* Seance */,
				9AEF434A525906697AF13159 /* SeanceWidget */,
				10A4C7D16728591DB6427505 /* SeanceUITests */,
			);
		};
/* End PBXProject section */

/* Begin PBXResourcesBuildPhase section */
		984EEF2BDA1A53E7B2193004 /* Resources */ = {
			isa = PBXResourcesBuildPhase;
			buildActionMask = 2147483647;
			files = (
				B30EFD10E04CCB9D9165DCB1 /* Assets.xcassets in Resources */,
			);
			runOnlyForDeploymentPostprocessing = 0;
		};
/* End PBXResourcesBuildPhase section */

/* Begin PBXSourcesBuildPhase section */
		7FC7686644E38C5F8B0EAD75 /* Sources */ = {
			isa = PBXSourcesBuildPhase;
			buildActionMask = 2147483647;
			files = (
				9D65549B7C3237C021D34BED /* CocherEpisodeIntent.swift in Sources */,
				A2EBCE47BF0A1E849E8CF303 /* LecteurWidgets.swift in Sources */,
				F783EE50ED242E87C26070E9 /* ModelesWidgets.swift in Sources */,
				100E4A05F21EC14B7F5E40F3 /* SeanceWidget.swift in Sources */,
				A9D5AB82F1CA559285C218B3 /* VuesWidgets.swift in Sources */,
			);
			runOnlyForDeploymentPostprocessing = 0;
		};
		A64D5F9EA710DF7353847846 /* Sources */ = {
			isa = PBXSourcesBuildPhase;
			buildActionMask = 2147483647;
			files = (
				B771B1D712E377A57538D7D8 /* AccueilView.swift in Sources */,
				0AB023B9C5D319279B4BD7C1 /* ActionsRapides.swift in Sources */,
				3DC619D9658209E9AFF5A423 /* ApercuWidgets.swift in Sources */,
				E88382E40DBA182DAA361F71 /* BandesAnnonces.swift in Sources */,
				08E424B8B03AEEABE89D953B /* BarreLaterale.swift in Sources */,
				A052334119F82E47D0C04940 /* BienvenueView.swift in Sources */,
				AAA30D3585243499220B7576 /* BilanAnneeView.swift in Sources */,
				4B9275D4D5E71A9F65F5DDAF /* CeSoirView.swift in Sources */,
				D4F4F44E2C6AB85B53D771C2 /* CocherEpisodeIntent.swift in Sources */,
				FE7576C913266B279565E431 /* Composants.swift in Sources */,
				541D879467869F9C53C59BCB /* ConteneurApp.swift in Sources */,
				AE3C6E517C3A52185389FEB3 /* Demonstration.swift in Sources */,
				5A5CCACF177BB9999D6A1FA1 /* EpisodesSerie.swift in Sources */,
				B45CC8D1AEDA64C277298D8A /* EtatAlertes.swift in Sources */,
				030A7DD55F9553A369D2C6EB /* EtatApp.swift in Sources */,
				7C4DB19315E00E769A3D690A /* EtatNAS.swift in Sources */,
				C2DC72385E62E22BC17B8F7B /* ExplorerModele.swift in Sources */,
				44CC27564B8FE5C1912FCED7 /* ExplorerView.swift in Sources */,
				889E1057E692259368F006C8 /* FeuilleFiltres.swift in Sources */,
				9465DF498AFBE22D12E9EC5E /* FicheView.swift in Sources */,
				591CF02849D1BB825A3BD08B /* Filtres.swift in Sources */,
				FFCD2E7F759C8F02A5857C49 /* IdeesCeSoir.swift in Sources */,
				39CC7B582D020F02F55F50E2 /* Journal.swift in Sources */,
				5201A683F4BAF8E078552DF1 /* JournalView.swift in Sources */,
				31EF6B7567FA50350F574204 /* LectureNAS.swift in Sources */,
				AEAEBBD9AA98946DA5FA2395 /* LienProfond.swift in Sources */,
				6B1CEF917A706C02E011736E /* ListesCompletes.swift in Sources */,
				102AC84C06A1F18ABC52AF40 /* MaSoiree.swift in Sources */,
				4D4A6E9CF41196F66D306EA3 /* MesListesView.swift in Sources */,
				FEE6A8F2F23E1E3C87548D00 /* ModelesWidgets.swift in Sources */,
				ABDB1F1CF56254EA3517C885 /* NASView.swift in Sources */,
				71ABDE907BD2AEE6ABA4AA3C /* NoteTitre.swift in Sources */,
				07DE75AEB94EC0ECF1D894BB /* PersonneView.swift in Sources */,
				0301958790324CC4F0427E3F /* ProfilView.swift in Sources */,
				3E59122E7CB372F83EDBF4EA /* PublicationWidgets.swift in Sources */,
				6BE0CB4312106BAE4DF24DB3 /* Raccourcis.swift in Sources */,
				4BB80C813A05B98CADF6F397 /* RacineView.swift in Sources */,
				18158B1DB5CD34907A7E464A /* ReglagesAlertesView.swift in Sources */,
				0AFCD996B554004B80322E4F /* ReglagesNASView.swift in Sources */,
				186A05F54F32318DA13FEE09 /* ReglagesSauvegardeView.swift in Sources */,
				D3692AACDB2EE1BC63A706F2 /* ReglagesView.swift in Sources */,
				CC898EF9BC0F2AB4B3062CF4 /* SeanceApp.swift in Sources */,
				DD832CF1C927F9D08CAC9673 /* StatistiquesView.swift in Sources */,
				9B9D518CBB779E2321545F3B /* Theme.swift in Sources */,
				B8A8D629CB5D53A0C47BFA2E /* Versions.swift in Sources */,
				66EC72C9104BABDB4099B867 /* Volumetrie.swift in Sources */,
				07DCF7A5BF7DE657CD13FAE2 /* VuesWidgets.swift in Sources */,
			);
			runOnlyForDeploymentPostprocessing = 0;
		};
		B1EF9896318DB9F0C66180BE /* Sources */ = {
			isa = PBXSourcesBuildPhase;
			buildActionMask = 2147483647;
			files = (
				58E3413AD4CBC28D1ED802AB /* BandeAnnonceTests.swift in Sources */,
				38494C6BBA699EBC23E52D0A /* ClavierTests.swift in Sources */,
				C660FE50BC091499DE585220 /* ExplorerTests.swift in Sources */,
				54F323CA789B8DA3749B81CB /* FicheDefilementTests.swift in Sources */,
				EB5C447131F05A6754775E34 /* VisiteTests.swift in Sources */,
			);
			runOnlyForDeploymentPostprocessing = 0;
		};
/* End PBXSourcesBuildPhase section */

/* Begin PBXTargetDependency section */
		2D7B974B34673126AD2C9159 /* PBXTargetDependency */ = {
			isa = PBXTargetDependency;
			target = AF4076291E91C6677C297EBF /* Seance */;
			targetProxy = 59C204F7C22E594887EB641F /* PBXContainerItemProxy */;
		};
		949E35C2DC2513216B0462B1 /* PBXTargetDependency */ = {
			isa = PBXTargetDependency;
			target = 9AEF434A525906697AF13159 /* SeanceWidget */;
			targetProxy = 7E84B43D395BEFCE8225C712 /* PBXContainerItemProxy */;
		};
/* End PBXTargetDependency section */

/* Begin XCBuildConfiguration section */
		1FDBBBD5297FC1901FCBF364 /* Release */ = {
			isa = XCBuildConfiguration;
			buildSettings = {
				BUNDLE_LOADER = "$(TEST_HOST)";
				GENERATE_INFOPLIST_FILE = YES;
				LD_RUNPATH_SEARCH_PATHS = (
					"$(inherited)",
					"@executable_path/Frameworks",
					"@loader_path/Frameworks",
				);
				PRODUCT_BUNDLE_IDENTIFIER = ch.patrick.seance.uitests;
				SDKROOT = iphoneos;
				TARGETED_DEVICE_FAMILY = 1;
				TEST_TARGET_NAME = Seance;
			};
			name = Release;
		};
		469E16B782BC7930A30F6EE9 /* Debug */ = {
			isa = XCBuildConfiguration;
			buildSettings = {
				BUNDLE_LOADER = "$(TEST_HOST)";
				GENERATE_INFOPLIST_FILE = YES;
				LD_RUNPATH_SEARCH_PATHS = (
					"$(inherited)",
					"@executable_path/Frameworks",
					"@loader_path/Frameworks",
				);
				PRODUCT_BUNDLE_IDENTIFIER = ch.patrick.seance.uitests;
				SDKROOT = iphoneos;
				TARGETED_DEVICE_FAMILY = 1;
				TEST_TARGET_NAME = Seance;
			};
			name = Debug;
		};
		75B7ACD6CB18DEC7E2B39228 /* Release */ = {
			isa = XCBuildConfiguration;
			buildSettings = {
				ASSETCATALOG_COMPILER_APPICON_NAME = AppIcon;
				ASSETCATALOG_COMPILER_GLOBAL_ACCENT_COLOR_NAME = AccentColor;
				CODE_SIGN_ENTITLEMENTS = Seance/Seance.entitlements;
				CODE_SIGN_IDENTITY = "iPhone Developer";
				DERIVE_MACCATALYST_PRODUCT_BUNDLE_IDENTIFIER = NO;
				INFOPLIST_FILE = Seance/Info.plist;
				LD_RUNPATH_SEARCH_PATHS = (
					"$(inherited)",
					"@executable_path/Frameworks",
				);
				PRODUCT_BUNDLE_IDENTIFIER = ch.patrick.seance;
				SDKROOT = iphoneos;
				SUPPORTS_MACCATALYST = YES;
				TARGETED_DEVICE_FAMILY = "1,2";
			};
			name = Release;
		};
		A0C749A2FF7ECDDCCB77F2D9 /* Debug */ = {
			isa = XCBuildConfiguration;
			buildSettings = {
				ALWAYS_SEARCH_USER_PATHS = NO;
				CLANG_ANALYZER_NONNULL = YES;
				CLANG_ANALYZER_NUMBER_OBJECT_CONVERSION = YES_AGGRESSIVE;
				CLANG_CXX_LANGUAGE_STANDARD = "gnu++14";
				CLANG_CXX_LIBRARY = "libc++";
				CLANG_ENABLE_MODULES = YES;
				CLANG_ENABLE_OBJC_ARC = YES;
				CLANG_ENABLE_OBJC_WEAK = YES;
				CLANG_WARN_BLOCK_CAPTURE_AUTORELEASING = YES;
				CLANG_WARN_BOOL_CONVERSION = YES;
				CLANG_WARN_COMMA = YES;
				CLANG_WARN_CONSTANT_CONVERSION = YES;
				CLANG_WARN_DEPRECATED_OBJC_IMPLEMENTATIONS = YES;
				CLANG_WARN_DIRECT_OBJC_ISA_USAGE = YES_ERROR;
				CLANG_WARN_DOCUMENTATION_COMMENTS = YES;
				CLANG_WARN_EMPTY_BODY = YES;
				CLANG_WARN_ENUM_CONVERSION = YES;
				CLANG_WARN_INFINITE_RECURSION = YES;
				CLANG_WARN_INT_CONVERSION = YES;
				CLANG_WARN_NON_LITERAL_NULL_CONVERSION = YES;
				CLANG_WARN_OBJC_IMPLICIT_RETAIN_SELF = YES;
				CLANG_WARN_OBJC_LITERAL_CONVERSION = YES;
				CLANG_WARN_OBJC_ROOT_CLASS = YES_ERROR;
				CLANG_WARN_QUOTED_INCLUDE_IN_FRAMEWORK_HEADER = YES;
				CLANG_WARN_RANGE_LOOP_ANALYSIS = YES;
				CLANG_WARN_STRICT_PROTOTYPES = YES;
				CLANG_WARN_SUSPICIOUS_MOVE = YES;
				CLANG_WARN_UNGUARDED_AVAILABILITY = YES_AGGRESSIVE;
				CLANG_WARN_UNREACHABLE_CODE = YES;
				CLANG_WARN__DUPLICATE_METHOD_MATCH = YES;
				CODE_SIGN_STYLE = Automatic;
				COPY_PHASE_STRIP = NO;
				CURRENT_PROJECT_VERSION = 11;
				DEBUG_INFORMATION_FORMAT = dwarf;
				DEVELOPMENT_TEAM = GATK475J3P;
				ENABLE_STRICT_OBJC_MSGSEND = YES;
				ENABLE_TESTABILITY = YES;
				GCC_C_LANGUAGE_STANDARD = gnu11;
				GCC_DYNAMIC_NO_PIC = NO;
				GCC_NO_COMMON_BLOCKS = YES;
				GCC_OPTIMIZATION_LEVEL = 0;
				GCC_PREPROCESSOR_DEFINITIONS = (
					"$(inherited)",
					"DEBUG=1",
				);
				GCC_WARN_64_TO_32_BIT_CONVERSION = YES;
				GCC_WARN_ABOUT_RETURN_TYPE = YES_ERROR;
				GCC_WARN_UNDECLARED_SELECTOR = YES;
				GCC_WARN_UNINITIALIZED_AUTOS = YES_AGGRESSIVE;
				GCC_WARN_UNUSED_FUNCTION = YES;
				GCC_WARN_UNUSED_VARIABLE = YES;
				IPHONEOS_DEPLOYMENT_TARGET = 26.0;
				MARKETING_VERSION = 2.2;
				MTL_ENABLE_DEBUG_INFO = INCLUDE_SOURCE;
				MTL_FAST_MATH = YES;
				ONLY_ACTIVE_ARCH = YES;
				PRODUCT_NAME = "$(TARGET_NAME)";
				SDKROOT = iphoneos;
				SWIFT_ACTIVE_COMPILATION_CONDITIONS = DEBUG;
				SWIFT_OPTIMIZATION_LEVEL = "-Onone";
				SWIFT_STRICT_CONCURRENCY = complete;
				SWIFT_VERSION = 6.0;
			};
			name = Debug;
		};
		C621B9072B0A5BD4E8DAD5FA /* Debug */ = {
			isa = XCBuildConfiguration;
			buildSettings = {
				CODE_SIGN_ENTITLEMENTS = SeanceWidget/SeanceWidget.entitlements;
				DERIVE_MACCATALYST_PRODUCT_BUNDLE_IDENTIFIER = NO;
				INFOPLIST_FILE = SeanceWidget/Info.plist;
				LD_RUNPATH_SEARCH_PATHS = (
					"$(inherited)",
					"@executable_path/Frameworks",
					"@executable_path/../../Frameworks",
				);
				PRODUCT_BUNDLE_IDENTIFIER = ch.patrick.seance.widget;
				SDKROOT = iphoneos;
				SUPPORTS_MACCATALYST = YES;
				TARGETED_DEVICE_FAMILY = "1,2";
			};
			name = Debug;
		};
		CE6D5B4ADF8A64D239220BCE /* Release */ = {
			isa = XCBuildConfiguration;
			buildSettings = {
				CODE_SIGN_ENTITLEMENTS = SeanceWidget/SeanceWidget.entitlements;
				DERIVE_MACCATALYST_PRODUCT_BUNDLE_IDENTIFIER = NO;
				INFOPLIST_FILE = SeanceWidget/Info.plist;
				LD_RUNPATH_SEARCH_PATHS = (
					"$(inherited)",
					"@executable_path/Frameworks",
					"@executable_path/../../Frameworks",
				);
				PRODUCT_BUNDLE_IDENTIFIER = ch.patrick.seance.widget;
				SDKROOT = iphoneos;
				SUPPORTS_MACCATALYST = YES;
				TARGETED_DEVICE_FAMILY = "1,2";
			};
			name = Release;
		};
		D27898AB69B198886524F828 /* Release */ = {
			isa = XCBuildConfiguration;
			buildSettings = {
				ALWAYS_SEARCH_USER_PATHS = NO;
				CLANG_ANALYZER_NONNULL = YES;
				CLANG_ANALYZER_NUMBER_OBJECT_CONVERSION = YES_AGGRESSIVE;
				CLANG_CXX_LANGUAGE_STANDARD = "gnu++14";
				CLANG_CXX_LIBRARY = "libc++";
				CLANG_ENABLE_MODULES = YES;
				CLANG_ENABLE_OBJC_ARC = YES;
				CLANG_ENABLE_OBJC_WEAK = YES;
				CLANG_WARN_BLOCK_CAPTURE_AUTORELEASING = YES;
				CLANG_WARN_BOOL_CONVERSION = YES;
				CLANG_WARN_COMMA = YES;
				CLANG_WARN_CONSTANT_CONVERSION = YES;
				CLANG_WARN_DEPRECATED_OBJC_IMPLEMENTATIONS = YES;
				CLANG_WARN_DIRECT_OBJC_ISA_USAGE = YES_ERROR;
				CLANG_WARN_DOCUMENTATION_COMMENTS = YES;
				CLANG_WARN_EMPTY_BODY = YES;
				CLANG_WARN_ENUM_CONVERSION = YES;
				CLANG_WARN_INFINITE_RECURSION = YES;
				CLANG_WARN_INT_CONVERSION = YES;
				CLANG_WARN_NON_LITERAL_NULL_CONVERSION = YES;
				CLANG_WARN_OBJC_IMPLICIT_RETAIN_SELF = YES;
				CLANG_WARN_OBJC_LITERAL_CONVERSION = YES;
				CLANG_WARN_OBJC_ROOT_CLASS = YES_ERROR;
				CLANG_WARN_QUOTED_INCLUDE_IN_FRAMEWORK_HEADER = YES;
				CLANG_WARN_RANGE_LOOP_ANALYSIS = YES;
				CLANG_WARN_STRICT_PROTOTYPES = YES;
				CLANG_WARN_SUSPICIOUS_MOVE = YES;
				CLANG_WARN_UNGUARDED_AVAILABILITY = YES_AGGRESSIVE;
				CLANG_WARN_UNREACHABLE_CODE = YES;
				CLANG_WARN__DUPLICATE_METHOD_MATCH = YES;
				CODE_SIGN_STYLE = Automatic;
				COPY_PHASE_STRIP = NO;
				CURRENT_PROJECT_VERSION = 11;
				DEBUG_INFORMATION_FORMAT = "dwarf-with-dsym";
				DEVELOPMENT_TEAM = GATK475J3P;
				ENABLE_NS_ASSERTIONS = NO;
				ENABLE_STRICT_OBJC_MSGSEND = YES;
				GCC_C_LANGUAGE_STANDARD = gnu11;
				GCC_NO_COMMON_BLOCKS = YES;
				GCC_WARN_64_TO_32_BIT_CONVERSION = YES;
				GCC_WARN_ABOUT_RETURN_TYPE = YES_ERROR;
				GCC_WARN_UNDECLARED_SELECTOR = YES;
				GCC_WARN_UNINITIALIZED_AUTOS = YES_AGGRESSIVE;
				GCC_WARN_UNUSED_FUNCTION = YES;
				GCC_WARN_UNUSED_VARIABLE = YES;
				IPHONEOS_DEPLOYMENT_TARGET = 26.0;
				MARKETING_VERSION = 2.2;
				MTL_ENABLE_DEBUG_INFO = NO;
				MTL_FAST_MATH = YES;
				PRODUCT_NAME = "$(TARGET_NAME)";
				SDKROOT = iphoneos;
				SWIFT_COMPILATION_MODE = wholemodule;
				SWIFT_OPTIMIZATION_LEVEL = "-O";
				SWIFT_STRICT_CONCURRENCY = complete;
				SWIFT_VERSION = 6.0;
			};
			name = Release;
		};
		F3521989314FE8479303AD49 /* Debug */ = {
			isa = XCBuildConfiguration;
			buildSettings = {
				ASSETCATALOG_COMPILER_APPICON_NAME = AppIcon;
				ASSETCATALOG_COMPILER_GLOBAL_ACCENT_COLOR_NAME = AccentColor;
				CODE_SIGN_ENTITLEMENTS = Seance/Seance.entitlements;
				CODE_SIGN_IDENTITY = "iPhone Developer";
				DERIVE_MACCATALYST_PRODUCT_BUNDLE_IDENTIFIER = NO;
				INFOPLIST_FILE = Seance/Info.plist;
				LD_RUNPATH_SEARCH_PATHS = (
					"$(inherited)",
					"@executable_path/Frameworks",
				);
				PRODUCT_BUNDLE_IDENTIFIER = ch.patrick.seance;
				SDKROOT = iphoneos;
				SUPPORTS_MACCATALYST = YES;
				TARGETED_DEVICE_FAMILY = "1,2";
			};
			name = Debug;
		};
/* End XCBuildConfiguration section */

/* Begin XCConfigurationList section */
		24686E81B89685CFF8A7DD8E /* Build configuration list for PBXNativeTarget "SeanceUITests" */ = {
			isa = XCConfigurationList;
			buildConfigurations = (
				469E16B782BC7930A30F6EE9 /* Debug */,
				1FDBBBD5297FC1901FCBF364 /* Release */,
			);
			defaultConfigurationIsVisible = 0;
			defaultConfigurationName = Debug;
		};
		72F3A0FA68361077D3E55086 /* Build configuration list for PBXNativeTarget "SeanceWidget" */ = {
			isa = XCConfigurationList;
			buildConfigurations = (
				C621B9072B0A5BD4E8DAD5FA /* Debug */,
				CE6D5B4ADF8A64D239220BCE /* Release */,
			);
			defaultConfigurationIsVisible = 0;
			defaultConfigurationName = Debug;
		};
		B2AB0FEC728EA37E99BDA9CC /* Build configuration list for PBXNativeTarget "Seance" */ = {
			isa = XCConfigurationList;
			buildConfigurations = (
				F3521989314FE8479303AD49 /* Debug */,
				75B7ACD6CB18DEC7E2B39228 /* Release */,
			);
			defaultConfigurationIsVisible = 0;
			defaultConfigurationName = Debug;
		};
		FF44D6AFEF84BA9F1AAC6040 /* Build configuration list for PBXProject "Seance" */ = {
			isa = XCConfigurationList;
			buildConfigurations = (
				A0C749A2FF7ECDDCCB77F2D9 /* Debug */,
				D27898AB69B198886524F828 /* Release */,
			);
			defaultConfigurationIsVisible = 0;
			defaultConfigurationName = Debug;
		};
/* End XCConfigurationList section */

/* Begin XCLocalSwiftPackageReference section */
		5F68DD2AA9A4F1EE8AE0836A /* XCLocalSwiftPackageReference "SeanceKit" */ = {
			isa = XCLocalSwiftPackageReference;
			relativePath = SeanceKit;
		};
		E11F3BE8EDA60D5538945452 /* XCLocalSwiftPackageReference "SeanceNAS" */ = {
			isa = XCLocalSwiftPackageReference;
			relativePath = SeanceNAS;
		};
		EC34C67350FA1C100551E2D1 /* XCLocalSwiftPackageReference "SeanceDonnees" */ = {
			isa = XCLocalSwiftPackageReference;
			relativePath = SeanceDonnees;
		};
/* End XCLocalSwiftPackageReference section */

/* Begin XCSwiftPackageProductDependency section */
		2CAE51A8CC0DF6130D32359E /* SeanceDonnees */ = {
			isa = XCSwiftPackageProductDependency;
			productName = SeanceDonnees;
		};
		527578283F776F88734B4303 /* SeanceNAS */ = {
			isa = XCSwiftPackageProductDependency;
			productName = SeanceNAS;
		};
		7ADAE3C1D67EB1A73644A89C /* SeanceKit */ = {
			isa = XCSwiftPackageProductDependency;
			productName = SeanceKit;
		};
		B06363A2E4E4EF15369DC1D3 /* SeanceDonnees */ = {
			isa = XCSwiftPackageProductDependency;
			productName = SeanceDonnees;
		};
		E520CB05B59E14412C053661 /* SeanceKit */ = {
			isa = XCSwiftPackageProductDependency;
			productName = SeanceKit;
		};
/* End XCSwiftPackageProductDependency section */
	};
	rootObject = E2B1786E7B6738225D6A3413 /* Project object */;
}
